<?xml version="1.0" encoding="utf-8"?>
<Project ToolsVersion="4.0" xmlns="http://schemas.microsoft.com/developer/msbuild/2003">
  <ItemGroup>
    <Filter Include="Source Files">
      <UniqueIdentifier>{4FC737F1-C7A5-4376-A066-2A32D752A2FF}</UniqueIdentifier>
      <Extensions>cpp;c;cc;cxx;c++;cppm;ixx;def;odl;idl;hpj;bat;asm;asmx</Extensions>
    </Filter>
    <Filter Include="Header Files">
      <UniqueIdentifier>{93995380-89BD-4b04-88EB-625FBE52EBFB}</UniqueIdentifier>
      <Extensions>h;hh;hpp;hxx;h++;hm;inl;inc;ipp;xsd</Extensions>
    </Filter>
    <Filter Include="Resource Files">
      <UniqueIdentifier>{67DA6AB6-F800-4c08-8B7A-83BB121AAD01}</UniqueIdentifier>
      <Extensions>rc;ico;cur;bmp;dlg;rc2;rct;bin;rgs;gif;jpg;jpeg;jpe;resx;tiff;tif;png;wav;mfcribbon-ms</Extensions>
    </Filter>
  </ItemGroup>
  <ItemGroup>
    <ResourceCompile Include="resource\engine.rc">
      <Filter>Resource Files</Filter>
    </ResourceCompile>
  </ItemGroup>
  <ItemGroup>
    <ClInclude Include="resource\Resource.h">
      <Filter>Header Files</Filter>
    </ClInclude>
    <ClInclude Include="engine\src\core\log.h">
      <Filter>Header Files</Filter>
    </ClInclude>
    <ClInclude Include="engine\src\engine\engine.h">
      <Filter>Header Files</Filter>
    </ClInclude>
    <ClInclude Include="engine\src\graphics\d3d12\command_queue.h">
      <Filter>Header Files</Filter>
    </ClInclude>
    <ClInclude Include="engine\src\graphics\d3d12\device.h">
      <Filter>Header Files</Filter>
    </ClInclude>
    <ClInclude Include="engine\src\graphics\device.h">
      <Filter>Header Files</Filter>
    </ClInclude>
    <ClInclude Include="engine\src\platform\windows\utility.h">
      <Filter>Header Files</Filter>
    </ClInclude>
    <ClInclude Include="engine\src\ministl\string.h">
      <Filter>Header Files</Filter>
    </ClInclude>
    <ClInclude Include="engine\src\math\vertex.h">
      <Filter>Header Files</Filter>
    </ClInclude>
    <ClInclude Include="engine\src\mini_engine.h">
      <Filter>Header Files</Filter>
    </ClInclude>
    <ClInclude Include="engine\src\core\option.h">
      <Filter>Header Files</Filter>
    </ClInclude>
    <ClInclude Include="engine\src\core\type.h">
      <Filter>Header Files</Filter>
    </ClInclude>
    <ClInclude Include="engine\src\core\utility.h">
      <Filter>Header Files</Filter>
    </ClInclude>
    <ClInclude Include="engine\src\platform\window.h">
      <Filter>Header Files</Filter>
    </ClInclude>
    <ClInclude Include="engine\src\math\vector2.h">
      <Filter>Header Files</Filter>
    </ClInclude>
    <ClInclude Include="engine\src\math\common.h">
      <Filter>Header Files</Filter>
    </ClInclude>
    <ClInclude Include="engine\src\math\vector3.h">
      <Filter>Header Files</Filter>
    </ClInclude>
    <ClInclude Include="engine\src\math\vector4.h">
      <Filter>Header Files</Filter>
    </ClInclude>
    <ClInclude Include="engine\src\math\vector2_int.h">
      <Filter>Header Files</Filter>
    </ClInclude>
    <ClInclude Include="engine\src\math\vector3_int.h">
      <Filter>Header Files</Filter>
    </ClInclude>
    <ClInclude Include="engine\src\math\rect.h">
      <Filter>Header Files</Filter>
    </ClInclude>
    <ClInclude Include="engine\src\math\rect_int.h">
      <Filter>Header Files</Filter>
    </ClInclude>
    <ClInclude Include="engine\src\platform\windows\window.h">
      <Filter>Header Files</Filter>
    </ClInclude>
    <ClInclude Include="engine\src\platform\platform.h">
      <Filter>Header Files</Filter>
    </ClInclude>
    <ClInclude Include="engine\src\platform\windows\handle.h">
      <Filter>Header Files</Filter>
    </ClInclude>
    <ClInclude Include="engine\src\graphics\graphics.h">
      <Filter>Header Files</Filter>
    </ClInclude>
    <ClInclude Include="engine\src\graphics\swap_chain.h">
      <Filter>Header Files</Filter>
    </ClInclude>
    <ClInclude Include="engine\src\graphics\d3d12\swap_chain.h">
      <Filter>Header Files</Filter>
    </ClInclude>
    <ClInclude Include="engine\src\graphics\render_context.h">
      <Filter>Header Files</Filter>
    </ClInclude>
    <ClInclude Include="engine\src\graphics\d3d12\render_context.h">
      <Filter>Header Files</Filter>
    </ClInclude>
    <ClInclude Include="engine\src\graphics\d3d12\descriptor.h">
      <Filter>Header Files</Filter>
    </ClInclude>
    <ClInclude Include="engine\src\math\color.h">
      <Filter>Header Files</Filter>
    </ClInclude>
    <ClInclude Include="engine\src\platform\handle.h">
      <Filter>Header Files</Filter>
    </ClInclude>
    <ClInclude Include="engine\src\ministl\static_queue.h">
      <Filter>Header Files</Filter>
    </ClInclude>
    <ClInclude Include="engine\src\ministl\array.h">
      <Filter>Header Files</Filter>
    </ClInclude>
    <ClInclude Include="engine\src\ministl\static_array.h">
      <Filter>Header Files</Filter>
    </ClInclude>
    <ClInclude Include="engine\src\ministl\iterator\ptr_iterator.h">
      <Filter>Header Files</Filter>
    </ClInclude>
    <ClInclude Include="engine\src\ministl\iterator\common.h">
      <Filter>Header Files</Filter>
    </ClInclude>
    <ClInclude Include="engine\src\ministl\iterator\move_iterator.h">
      <Filter>Header Files</Filter>
    </ClInclude>
    <ClInclude Include="engine\src\ministl\iterator\array_iterator.h">
      <Filter>Header Files</Filter>
    </ClInclude>
    <ClInclude Include="test\container.h">
      <Filter>Header Files</Filter>
    </ClInclude>
    <ClInclude Include="engine\src\ministl\iterator\circular_iterator.h">
      <Filter>Header Files</Filter>
    </ClInclude>
    <ClInclude Include="engine\src\ministl\algorithm.h">
      <Filter>Header Files</Filter>
    </ClInclude>
    <ClInclude Include="engine\src\container\count_ptr.h">
      <Filter>Header Files</Filter>
    </ClInclude>
    <ClInclude Include="engine\src\ministl\shared_ptr.h">
      <Filter>Header Files</Filter>
    </ClInclude>
    <ClInclude Include="engine\src\ministl\memory\mem_op.h">
      <Filter>Header Files</Filter>
    </ClInclude>
    <ClInclude Include="engine\src\core\define.h">
      <Filter>Header Files</Filter>
    </ClInclude>
    <ClInclude Include="engine\src\ministl\memory\allocator.h">
      <Filter>Header Files</Filter>
    </ClInclude>
    <ClInclude Include="engine\src\ministl\memory\deleter.h">
      <Filter>Header Files</Filter>
    </ClInclude>
    <ClInclude Include="engine\src\ministl\memory\static_buffer.h">
      <Filter>Header Files</Filter>
    </ClInclude>
    <ClInclude Include="engine\src\ministl\memory\buffer.h">
      <Filter>Header Files</Filter>
    </ClInclude>
    <ClInclude Include="engine\src\container\iterator\array_iterator.h">
      <Filter>Header Files</Filter>
    </ClInclude>
    <ClInclude Include="engine\src\container\iterator\circular_iterator.h">
      <Filter>Header Files</Filter>
    </ClInclude>
    <ClInclude Include="engine\src\container\iterator\common.h">
      <Filter>Header Files</Filter>
    </ClInclude>
    <ClInclude Include="engine\src\container\iterator\move_iterator.h">
      <Filter>Header Files</Filter>
    </ClInclude>
    <ClInclude Include="engine\src\container\iterator\ptr_iterator.h">
      <Filter>Header Files</Filter>
    </ClInclude>
    <ClInclude Include="engine\src\memory\allocator.h">
      <Filter>Header Files</Filter>
    </ClInclude>
    <ClInclude Include="engine\src\memory\buffer.h">
      <Filter>Header Files</Filter>
    </ClInclude>
    <ClInclude Include="engine\src\memory\deleter.h">
      <Filter>Header Files</Filter>
    </ClInclude>
    <ClInclude Include="engine\src\memory\memory.h">
      <Filter>Header Files</Filter>
    </ClInclude>
    <ClInclude Include="engine\src\memory\static_buffer.h">
      <Filter>Header Files</Filter>
    </ClInclude>
    <ClInclude Include="engine\src\container\algorithm.h">
      <Filter>Header Files</Filter>
    </ClInclude>
    <ClInclude Include="engine\src\container\array.h">
      <Filter>Header Files</Filter>
    </ClInclude>
    <ClInclude Include="engine\src\memory\shared_ptr.h">
      <Filter>Header Files</Filter>
    </ClInclude>
    <ClInclude Include="engine\src\container\static_array.h">
      <Filter>Header Files</Filter>
    </ClInclude>
    <ClInclude Include="engine\src\container\static_queue.h">
      <Filter>Header Files</Filter>
    </ClInclude>
    <ClInclude Include="engine\src\container\string.h">
      <Filter>Header Files</Filter>
    </ClInclude>
    <ClInclude Include="engine\src\platform\windows\shared_ptr.h">
      <Filter>Header Files</Filter>
    </ClInclude>
    <ClInclude Include="engine\src\platform\windows\string_convert.h">
      <Filter>Header Files</Filter>
    </ClInclude>
    <ClInclude Include="engine\src\core\assert.h">
      <Filter>Header Files</Filter>
    </ClInclude>
    <ClInclude Include="engine\src\core\macro.h">
      <Filter>Header Files</Filter>
    </ClInclude>
    <ClInclude Include="engine\src\core\string.h">
      <Filter>Header Files</Filter>
    </ClInclude>
  </ItemGroup>
  <ItemGroup>
    <None Include=".editorconfig" />
    <None Include="packages.config" />
  </ItemGroup>
  <ItemGroup>
    <ClCompile Include="engine\src\platform\windows\log.cpp">
      <Filter>Source Files</Filter>
    </ClCompile>
    <ClCompile Include="engine\src\engine\engine.cpp">
      <Filter>Source Files</Filter>
    </ClCompile>
    <ClCompile Include="engine\src\graphics\d3d12\command_queue.cpp">
      <Filter>Source Files</Filter>
    </ClCompile>
    <ClCompile Include="engine\src\graphics\d3d12\common.cpp">
      <Filter>Source Files</Filter>
    </ClCompile>
    <ClCompile Include="engine\src\graphics\d3d12\device.cpp">
      <Filter>Source Files</Filter>
    </ClCompile>
    <ClCompile Include="engine\src\graphics\graphics.cpp">
      <Filter>Source Files</Filter>
    </ClCompile>
    <ClCompile Include="engine\src\platform\windows\main.cpp">
      <Filter>Source Files</Filter>
    </ClCompile>
    <ClCompile Include="engine\src\mini_engine.cpp">
      <Filter>Source Files</Filter>
    </ClCompile>
    <ClCompile Include="engine\src\platform\windows\window.cpp">
      <Filter>Source Files</Filter>
    </ClCompile>
    <ClCompile Include="engine\src\platform\platform.cpp">
      <Filter>Source Files</Filter>
    </ClCompile>
    <ClCompile Include="engine\src\platform\windows\handle.cpp">
      <Filter>Source Files</Filter>
    </ClCompile>
    <ClCompile Include="engine\src\graphics\d3d12\swap_chain.cpp">
      <Filter>Source Files</Filter>
    </ClCompile>
    <ClCompile Include="engine\src\graphics\d3d12\render_context.cpp">
      <Filter>Source Files</Filter>
    </ClCompile>
    <ClCompile Include="engine\src\graphics\d3d12\descriptor.cpp">
      <Filter>Source Files</Filter>
    </ClCompile>
    <ClCompile Include="test\test.cpp">
      <Filter>Source Files</Filter>
    </ClCompile>
    <ClCompile Include="engine\src\platform\windows\string_convert.cpp">
      <Filter>Source Files</Filter>
    </ClCompile>
    <ClCompile Include="test\array.cpp">
      <Filter>Source Files</Filter>
    </ClCompile>
    <ClCompile Include="test\queue.cpp">
      <Filter>Source Files</Filter>
    </ClCompile>
    <ClCompile Include="test\shared_ptr.cpp">
      <Filter>Source Files</Filter>
    </ClCompile>
    <ClCompile Include="test\allocator.cpp">
      <Filter>Source Files</Filter>
    </ClCompile>
    <ClCompile Include="engine\src\core\assert.cpp">
      <Filter>Source Files</Filter>
    </ClCompile>
    <ClCompile Include="engine\src\core\string.cpp">
      <Filter>Source Files</Filter>
    </ClCompile>
  </ItemGroup>
</Project>