<?xml version="1.0" encoding="utf-8"?>
<Project ToolsVersion="4.0" xmlns="http://schemas.microsoft.com/developer/msbuild/2003">
  <ItemGroup>
    <Filter Include="Source Files">
      <UniqueIdentifier>{4FC737F1-C7A5-4376-A066-2A32D752A2FF}</UniqueIdentifier>
      <Extensions>cpp;c;cc;cxx;c++;cppm;ixx;def;odl;idl;hpj;bat;asm;asmx</Extensions>
    </Filter>
    <Filter Include="Header Files">
      <UniqueIdentifier>{93995380-89BD-4b04-88EB-625FBE52EBFB}</UniqueIdentifier>
      <Extensions>h;hh;hpp;hxx;h++;hm;inl;inc;ipp;xsd</Extensions>
    </Filter>
    <Filter Include="Resource Files">
      <UniqueIdentifier>{67DA6AB6-F800-4c08-8B7A-83BB121AAD01}</UniqueIdentifier>
      <Extensions>rc;ico;cur;bmp;dlg;rc2;rct;bin;rgs;gif;jpg;jpeg;jpe;resx;tiff;tif;png;wav;mfcribbon-ms</Extensions>
    </Filter>
  </ItemGroup>
  <ItemGroup>
    <ResourceCompile Include="resource\engine.rc">
      <Filter>Resource Files</Filter>
    </ResourceCompile>
  </ItemGroup>
  <ItemGroup>
    <ClInclude Include="resource\Resource.h">
      <Filter>Header Files</Filter>
    </ClInclude>
    <ClInclude Include="engine\src\platform\windows\assert.h">
      <Filter>Header Files</Filter>
    </ClInclude>
    <ClInclude Include="engine\src\ministl\string.h">
      <Filter>Header Files</Filter>
    </ClInclude>
    <ClInclude Include="engine\src\ministl\static_queue.h">
      <Filter>Header Files</Filter>
    </ClInclude>
    <ClInclude Include="engine\src\ministl\array.h">
      <Filter>Header Files</Filter>
    </ClInclude>
    <ClInclude Include="engine\src\ministl\static_array.h">
      <Filter>Header Files</Filter>
    </ClInclude>
    <ClInclude Include="engine\src\ministl\iterator\ptr_iterator.h">
      <Filter>Header Files</Filter>
    </ClInclude>
    <ClInclude Include="engine\src\ministl\iterator\common.h">
      <Filter>Header Files</Filter>
    </ClInclude>
    <ClInclude Include="engine\src\ministl\iterator\move_iterator.h">
      <Filter>Header Files</Filter>
    </ClInclude>
    <ClInclude Include="engine\src\ministl\iterator\array_iterator.h">
      <Filter>Header Files</Filter>
    </ClInclude>
    <ClInclude Include="engine\src\ministl\iterator\circular_iterator.h">
      <Filter>Header Files</Filter>
    </ClInclude>
    <ClInclude Include="engine\src\ministl\algorithm.h">
      <Filter>Header Files</Filter>
    </ClInclude>
    <ClInclude Include="engine\src\container\count_ptr.h">
      <Filter>Header Files</Filter>
    </ClInclude>
    <ClInclude Include="engine\src\ministl\shared_ptr.h">
      <Filter>Header Files</Filter>
    </ClInclude>
    <ClInclude Include="engine\src\ministl\memory\mem_op.h">
      <Filter>Header Files</Filter>
    </ClInclude>
    <ClInclude Include="engine\src\core\define.h">
      <Filter>Header Files</Filter>
    </ClInclude>
    <ClInclude Include="engine\src\ministl\memory\allocator.h">
      <Filter>Header Files</Filter>
    </ClInclude>
    <ClInclude Include="engine\src\ministl\memory\deleter.h">
      <Filter>Header Files</Filter>
    </ClInclude>
    <ClInclude Include="engine\src\ministl\memory\static_buffer.h">
      <Filter>Header Files</Filter>
    </ClInclude>
    <ClInclude Include="engine\src\ministl\memory\buffer.h">
      <Filter>Header Files</Filter>
    </ClInclude>
    <ClInclude Include="engine\src\core\assert.h">
      <Filter>Header Files</Filter>
    </ClInclude>
    <ClInclude Include="engine\src\core\macro.h">
      <Filter>Header Files</Filter>
    </ClInclude>
    <ClInclude Include="test\test_macro.h">
      <Filter>Header Files</Filter>
    </ClInclude>
  </ItemGroup>
  <ItemGroup>
    <None Include=".editorconfig" />
    <None Include="packages.config" />
  </ItemGroup>
  <ItemGroup>
    <ClCompile Include="engine\src\platform\windows\win_log.cpp">
      <Filter>Source Files</Filter>
    </ClCompile>
    <ClCompile Include="engine\src\engine\engine.cpp">
      <Filter>Source Files</Filter>
    </ClCompile>
    <ClCompile Include="engine\src\graphics\d3d12\d3d12_command_queue.cpp">
      <Filter>Source Files</Filter>
    </ClCompile>
    <ClCompile Include="engine\src\graphics\d3d12\d3d12_device.cpp">
      <Filter>Source Files</Filter>
    </ClCompile>
    <ClCompile Include="engine\src\graphics\graphics.cpp">
      <Filter>Source Files</Filter>
    </ClCompile>
    <ClCompile Include="engine\src\platform\windows\win_main.cpp">
      <Filter>Source Files</Filter>
    </ClCompile>
    <ClCompile Include="engine\src\platform\windows\win_window.cpp">
      <Filter>Source Files</Filter>
    </ClCompile>
    <ClCompile Include="engine\src\platform\platform.cpp">
      <Filter>Source Files</Filter>
    </ClCompile>
    <ClCompile Include="engine\src\platform\windows\win_handle.cpp">
      <Filter>Source Files</Filter>
    </ClCompile>
    <ClCompile Include="engine\src\graphics\d3d12\d3d12_swap_chain.cpp">
      <Filter>Source Files</Filter>
    </ClCompile>
    <ClCompile Include="engine\src\graphics\d3d12\d3d12_render_context.cpp">
      <Filter>Source Files</Filter>
    </ClCompile>
    <ClCompile Include="engine\src\graphics\d3d12\d3d12_descriptor.cpp">
      <Filter>Source Files</Filter>
    </ClCompile>
    <ClCompile Include="test\test.cpp">
      <Filter>Source Files</Filter>
    </ClCompile>
    <ClCompile Include="test\array.cpp">
      <Filter>Source Files</Filter>
    </ClCompile>
    <ClCompile Include="test\queue.cpp">
      <Filter>Source Files</Filter>
    </ClCompile>
    <ClCompile Include="test\shared_ptr.cpp">
      <Filter>Source Files</Filter>
    </ClCompile>
    <ClCompile Include="test\allocator.cpp">
      <Filter>Source Files</Filter>
    </ClCompile>
    <ClCompile Include="engine\src\core\assert.cpp">
      <Filter>Source Files</Filter>
    </ClCompile>
    <ClCompile Include="engine\src\core\string.cpp">
      <Filter>Source Files</Filter>
    </ClCompile>
    <ClCompile Include="engine\src\mini_engine.cxx">
      <Filter>Source Files</Filter>
    </ClCompile>
    <ClCompile Include="engine\src\math\color.cxx">
      <Filter>Source Files</Filter>
    </ClCompile>
    <ClCompile Include="engine\src\math\math_common.cxx">
      <Filter>Source Files</Filter>
    </ClCompile>
    <ClCompile Include="engine\src\math\rect.cxx">
      <Filter>Source Files</Filter>
    </ClCompile>
    <ClCompile Include="engine\src\math\rect_int.cxx">
      <Filter>Source Files</Filter>
    </ClCompile>
    <ClCompile Include="engine\src\math\vector2_int.cxx">
      <Filter>Source Files</Filter>
    </ClCompile>
    <ClCompile Include="engine\src\math\vector3.cxx">
      <Filter>Source Files</Filter>
    </ClCompile>
    <ClCompile Include="engine\src\math\vector3_int.cxx">
      <Filter>Source Files</Filter>
    </ClCompile>
    <ClCompile Include="engine\src\math\vector4.cxx">
      <Filter>Source Files</Filter>
    </ClCompile>
    <ClCompile Include="engine\src\math\vector2.cxx">
      <Filter>Source Files</Filter>
    </ClCompile>
    <ClCompile Include="engine\src\math\vertex.cxx">
      <Filter>Source Files</Filter>
    </ClCompile>
    <ClCompile Include="engine\src\math\math.cxx">
      <Filter>Source Files</Filter>
    </ClCompile>
    <ClCompile Include="engine\src\platform\windows\windows.cxx">
      <Filter>Source Files</Filter>
    </ClCompile>
    <ClCompile Include="engine\src\platform\windows\win_string.cxx">
      <Filter>Source Files</Filter>
    </ClCompile>
    <ClCompile Include="engine\src\platform\platform.cxx">
      <Filter>Header Files</Filter>
    </ClCompile>
    <ClCompile Include="engine\src\platform\window.cxx">
      <Filter>Header Files</Filter>
    </ClCompile>
    <ClCompile Include="engine\src\platform\handle.cxx">
      <Filter>Header Files</Filter>
    </ClCompile>
    <ClCompile Include="engine\src\platform\windows\win_handle.cxx">
      <Filter>Header Files</Filter>
    </ClCompile>
    <ClCompile Include="engine\src\platform\windows\win_window.cxx">
      <Filter>Header Files</Filter>
    </ClCompile>
    <ClCompile Include="engine\src\core\option.cxx">
      <Filter>Header Files</Filter>
    </ClCompile>
    <ClCompile Include="engine\src\graphics\swap_chain.cxx">
      <Filter>Header Files</Filter>
    </ClCompile>
    <ClCompile Include="engine\src\graphics\graphics.cxx">
      <Filter>Header Files</Filter>
    </ClCompile>
    <ClCompile Include="engine\src\graphics\device.cxx">
      <Filter>Header Files</Filter>
    </ClCompile>
    <ClCompile Include="engine\src\graphics\render_context.cxx">
      <Filter>Header Files</Filter>
    </ClCompile>
    <ClCompile Include="engine\src\graphics\graphics_common.cxx">
      <Filter>Source Files</Filter>
    </ClCompile>
    <ClCompile Include="engine\src\graphics\d3d12\d3d12_command_queue.cxx">
      <Filter>Header Files</Filter>
    </ClCompile>
    <ClCompile Include="engine\src\graphics\d3d12\d3d12_descriptor.cxx">
      <Filter>Header Files</Filter>
    </ClCompile>
    <ClCompile Include="engine\src\graphics\d3d12\d3d12_device.cxx">
      <Filter>Header Files</Filter>
    </ClCompile>
    <ClCompile Include="engine\src\graphics\d3d12\d3d12_render_context.cxx">
      <Filter>Header Files</Filter>
    </ClCompile>
    <ClCompile Include="engine\src\graphics\d3d12\d3d12_swap_chain.cxx">
      <Filter>Header Files</Filter>
    </ClCompile>
    <ClCompile Include="engine\src\graphics\d3d12\d3d12.cxx">
      <Filter>Source Files</Filter>
    </ClCompile>
    <ClCompile Include="engine\src\platform\windows\win_shared_ptr.cxx">
      <Filter>Header Files</Filter>
    </ClCompile>
    <ClCompile Include="engine\src\engine\engine.cxx">
      <Filter>Header Files</Filter>
    </ClCompile>
    <ClCompile Include="engine\src\container\container.cxx">
      <Filter>Source Files</Filter>
    </ClCompile>
    <ClCompile Include="engine\src\container\iterator\array_iterator.cxx">
      <Filter>Header Files</Filter>
    </ClCompile>
    <ClCompile Include="engine\src\container\iterator\circular_iterator.cxx">
      <Filter>Header Files</Filter>
    </ClCompile>
    <ClCompile Include="engine\src\container\iterator\iter_common.cxx">
      <Filter>Header Files</Filter>
    </ClCompile>
    <ClCompile Include="engine\src\container\iterator\move_iterator.cxx">
      <Filter>Header Files</Filter>
    </ClCompile>
    <ClCompile Include="engine\src\container\iterator\ptr_iterator.cxx">
      <Filter>Header Files</Filter>
    </ClCompile>
    <ClCompile Include="engine\src\container\algorithm.cxx">
      <Filter>Header Files</Filter>
    </ClCompile>
    <ClCompile Include="engine\src\container\array.cxx">
      <Filter>Header Files</Filter>
    </ClCompile>
    <ClCompile Include="engine\src\container\static_array.cxx">
      <Filter>Header Files</Filter>
    </ClCompile>
    <ClCompile Include="engine\src\container\static_queue.cxx">
      <Filter>Header Files</Filter>
    </ClCompile>
    <ClCompile Include="engine\src\container\string.cxx">
      <Filter>Header Files</Filter>
    </ClCompile>
    <ClCompile Include="engine\src\container\iterator\iter_version.cxx">
      <Filter>Source Files</Filter>
    </ClCompile>
    <ClCompile Include="engine\src\core\log.cxx">
      <Filter>Header Files</Filter>
    </ClCompile>
    <ClCompile Include="engine\src\container\iterator\iterator.cxx">
      <Filter>Source Files</Filter>
    </ClCompile>
    <ClCompile Include="engine\src\memory\mem_common.cxx">
      <Filter>Header Files</Filter>
    </ClCompile>
    <ClCompile Include="engine\src\memory\allocator.cxx">
      <Filter>Header Files</Filter>
    </ClCompile>
    <ClCompile Include="engine\src\memory\buffer.cxx">
      <Filter>Header Files</Filter>
    </ClCompile>
    <ClCompile Include="engine\src\memory\deleter.cxx">
      <Filter>Header Files</Filter>
    </ClCompile>
    <ClCompile Include="engine\src\memory\shared_ptr.cxx">
      <Filter>Header Files</Filter>
    </ClCompile>
    <ClCompile Include="engine\src\memory\static_buffer.cxx">
      <Filter>Header Files</Filter>
    </ClCompile>
    <ClCompile Include="engine\src\memory\unique_ptr.cxx">
      <Filter>Header Files</Filter>
    </ClCompile>
    <ClCompile Include="engine\src\memory\memory.cxx">
      <Filter>Source Files</Filter>
    </ClCompile>
    <ClCompile Include="test\test_common.cxx">
      <Filter>Header Files</Filter>
    </ClCompile>
    <ClCompile Include="engine\src\core\core.cxx">
      <Filter>Source Files</Filter>
    </ClCompile>
    <ClCompile Include="engine\src\core\string_convert.cxx">
      <Filter>Header Files</Filter>
    </ClCompile>
    <ClCompile Include="engine\src\core\utility.cxx">
      <Filter>Header Files</Filter>
    </ClCompile>
    <ClCompile Include="engine\src\core\type.cxx">
      <Filter>Source Files</Filter>
    </ClCompile>
  </ItemGroup>
</Project>